
Microsoft Visual Studio Solution File, Format Version 12.00
# Visual Studio Version 17
VisualStudioVersion = 17.4.33213.308
MinimumVisualStudioVersion = 10.0.40219.1
Project("{FAE04EC0-301F-11D3-BF4B-00C04F79EFBC}") = "ContosoPizza", "ContosoPizza\ContosoPizza.csproj", "{05D9D46A-F119-451B-AF84-845587B9A59D}"
EndProject
Global
	GlobalSection(SolutionConfigurationPlatforms) = preSolution
		Debug|Any CPU = Debug|Any CPU
		Release|Any CPU = Release|Any CPU
	EndGlobalSection
	GlobalSection(ProjectConfigurationPlatforms) = postSolution
		{05D9D46A-F119-451B-AF84-845587B9A59D}.Debug|Any CPU.ActiveCfg = Debug|Any CPU
		{05D9D46A-F119-451B-AF84-845587B9A59D}.Debug|Any CPU.Build.0 = Debug|Any CPU
		{05D9D46A-F119-451B-AF84-845587B9A59D}.Release|Any CPU.ActiveCfg = Release|Any CPU
		{05D9D46A-F119-451B-AF84-845587B9A59D}.Release|Any CPU.Build.0 = Release|Any CPU
	EndGlobalSection
	GlobalSection(SolutionProperties) = preSolution
		HideSolutionNode = FALSE
	EndGlobalSection
	GlobalSection(ExtensibilityGlobals) = postSolution
		SolutionGuid = {5FB7D5D2-C63C-4C6A-BFBD-E3BC3AE66195}
	EndGlobalSection
EndGlobal
